
Microsoft Visual Studio Solution File, Format Version 12.00
# Visual Studio Version 17
VisualStudioVersion = 17.2.32630.192
MinimumVisualStudioVersion = 10.0.40219.1
Project("{FAE04EC0-301F-11D3-BF4B-00C04F79EFBC}") = "Grupp2-Projektarbete", "Grupp2-Projektarbete\Grupp2-Projektarbete.csproj", "{C8036F19-23F0-4661-AF88-61BDDCB7898A}"
EndProject
Global
	GlobalSection(SolutionConfigurationPlatforms) = preSolution
		Debug|Any CPU = Debug|Any CPU
		Release|Any CPU = Release|Any CPU
	EndGlobalSection
	GlobalSection(ProjectConfigurationPlatforms) = postSolution
		{C8036F19-23F0-4661-AF88-61BDDCB7898A}.Debug|Any CPU.ActiveCfg = Debug|Any CPU
		{C8036F19-23F0-4661-AF88-61BDDCB7898A}.Debug|Any CPU.Build.0 = Debug|Any CPU
		{C8036F19-23F0-4661-AF88-61BDDCB7898A}.Release|Any CPU.ActiveCfg = Release|Any CPU
		{C8036F19-23F0-4661-AF88-61BDDCB7898A}.Release|Any CPU.Build.0 = Release|Any CPU
	EndGlobalSection
	GlobalSection(SolutionProperties) = preSolution
		HideSolutionNode = FALSE
	EndGlobalSection
	GlobalSection(ExtensibilityGlobals) = postSolution
		SolutionGuid = {A8520821-9939-4484-B324-F3A9F5CA8244}
	EndGlobalSection
EndGlobal
